{
    "name": "atlas-manager",
    "version": "1.0.0",
    "lockfileVersion": 1,
    "requires": true,
    "dependencies": {
        "image-size": {
            "version": "0.6.3",
            "resolved": "http://r.tnpm.oa.com/image-size/download/image-size-0.6.3.tgz",
            "integrity": "sha1-5+XGW7U0vXzc7dbLUWYnKoX3X7I="
        }
    }
}
